
Microsoft Visual Studio Solution File, Format Version 12.00
# Visual Studio 2012
Project("{FAE04EC0-301F-11D3-BF4B-00C04F79EFBC}") = "RedCourses.UI", "RedCourses.UI\RedCourses.UI.csproj", "{5E4E43CA-902A-4736-85B6-4C081BC6D4D8}"
EndProject
Project("{2150E333-8FDC-42A3-9474-1A3956D46DE8}") = ".nuget", ".nuget", "{9BDB86F1-3FC7-4C09-8348-6AC6EA0CF73F}"
	ProjectSection(SolutionItems) = preProject
		.nuget\packages.config = .nuget\packages.config
	EndProjectSection
EndProject
Project("{FAE04EC0-301F-11D3-BF4B-00C04F79EFBC}") = "RedCourses.Services", "RedCourses.Services\RedCourses.Services.csproj", "{6973F6C1-F5E6-4A6C-B9F2-C3EE440253D6}"
EndProject
Project("{FAE04EC0-301F-11D3-BF4B-00C04F79EFBC}") = "RedCourses.Domain", "RedCourses.Domain\RedCourses.Domain.csproj", "{9D01694B-E7C9-4F0C-93BB-EB539D5B2AB1}"
EndProject
Project("{FAE04EC0-301F-11D3-BF4B-00C04F79EFBC}") = "RedCourses.Data", "RedCourses.Data\RedCourses.Data.csproj", "{2DFB62C5-4C1F-4678-80A6-6E061BAD50DE}"
EndProject
Project("{FAE04EC0-301F-11D3-BF4B-00C04F79EFBC}") = "RedCourses.Migrations", "RedCourses.Migrations\RedCourses.Migrations.csproj", "{0F097F9A-6551-43A6-971A-C8DE88282284}"
EndProject
Project("{FAE04EC0-301F-11D3-BF4B-00C04F79EFBC}") = "RedCourses.API", "RedCourses.API\RedCourses.API.csproj", "{E0C1B41E-FD0F-4AD4-89EE-0959BF079DE7}"
EndProject
Project("{2150E333-8FDC-42A3-9474-1A3956D46DE8}") = "GUI", "GUI", "{A59D56D0-B8E8-4E54-B982-79246C5641DD}"
EndProject
Project("{2150E333-8FDC-42A3-9474-1A3956D46DE8}") = "Service", "Service", "{5B9FB81F-13BF-4305-8068-BAC800DFAB05}"
EndProject
Project("{2150E333-8FDC-42A3-9474-1A3956D46DE8}") = "Model", "Model", "{7368332F-A4E6-4AE6-BC6B-0E6F8C70B70E}"
EndProject
Project("{FAE04EC0-301F-11D3-BF4B-00C04F79EFBC}") = "RedCourses.Data.RavenImpl", "RedCourses.Data.RavenImpl\RedCourses.Data.RavenImpl.csproj", "{3E7CD546-F419-4F6D-9D99-A9B8CD0B8659}"
EndProject
Global
	GlobalSection(SolutionConfigurationPlatforms) = preSolution
		Debug|Any CPU = Debug|Any CPU
		Release|Any CPU = Release|Any CPU
	EndGlobalSection
	GlobalSection(ProjectConfigurationPlatforms) = postSolution
		{5E4E43CA-902A-4736-85B6-4C081BC6D4D8}.Debug|Any CPU.ActiveCfg = Debug|Any CPU
		{5E4E43CA-902A-4736-85B6-4C081BC6D4D8}.Debug|Any CPU.Build.0 = Debug|Any CPU
		{5E4E43CA-902A-4736-85B6-4C081BC6D4D8}.Release|Any CPU.ActiveCfg = Release|Any CPU
		{5E4E43CA-902A-4736-85B6-4C081BC6D4D8}.Release|Any CPU.Build.0 = Release|Any CPU
		{6973F6C1-F5E6-4A6C-B9F2-C3EE440253D6}.Debug|Any CPU.ActiveCfg = Debug|Any CPU
		{6973F6C1-F5E6-4A6C-B9F2-C3EE440253D6}.Debug|Any CPU.Build.0 = Debug|Any CPU
		{6973F6C1-F5E6-4A6C-B9F2-C3EE440253D6}.Release|Any CPU.ActiveCfg = Release|Any CPU
		{6973F6C1-F5E6-4A6C-B9F2-C3EE440253D6}.Release|Any CPU.Build.0 = Release|Any CPU
		{9D01694B-E7C9-4F0C-93BB-EB539D5B2AB1}.Debug|Any CPU.ActiveCfg = Debug|Any CPU
		{9D01694B-E7C9-4F0C-93BB-EB539D5B2AB1}.Debug|Any CPU.Build.0 = Debug|Any CPU
		{9D01694B-E7C9-4F0C-93BB-EB539D5B2AB1}.Release|Any CPU.ActiveCfg = Release|Any CPU
		{9D01694B-E7C9-4F0C-93BB-EB539D5B2AB1}.Release|Any CPU.Build.0 = Release|Any CPU
		{2DFB62C5-4C1F-4678-80A6-6E061BAD50DE}.Debug|Any CPU.ActiveCfg = Debug|Any CPU
		{2DFB62C5-4C1F-4678-80A6-6E061BAD50DE}.Debug|Any CPU.Build.0 = Debug|Any CPU
		{2DFB62C5-4C1F-4678-80A6-6E061BAD50DE}.Release|Any CPU.ActiveCfg = Release|Any CPU
		{2DFB62C5-4C1F-4678-80A6-6E061BAD50DE}.Release|Any CPU.Build.0 = Release|Any CPU
		{0F097F9A-6551-43A6-971A-C8DE88282284}.Debug|Any CPU.ActiveCfg = Debug|Any CPU
		{0F097F9A-6551-43A6-971A-C8DE88282284}.Debug|Any CPU.Build.0 = Debug|Any CPU
		{0F097F9A-6551-43A6-971A-C8DE88282284}.Release|Any CPU.ActiveCfg = Release|Any CPU
		{0F097F9A-6551-43A6-971A-C8DE88282284}.Release|Any CPU.Build.0 = Release|Any CPU
		{E0C1B41E-FD0F-4AD4-89EE-0959BF079DE7}.Debug|Any CPU.ActiveCfg = Debug|Any CPU
		{E0C1B41E-FD0F-4AD4-89EE-0959BF079DE7}.Debug|Any CPU.Build.0 = Debug|Any CPU
		{E0C1B41E-FD0F-4AD4-89EE-0959BF079DE7}.Release|Any CPU.ActiveCfg = Release|Any CPU
		{E0C1B41E-FD0F-4AD4-89EE-0959BF079DE7}.Release|Any CPU.Build.0 = Release|Any CPU
		{3E7CD546-F419-4F6D-9D99-A9B8CD0B8659}.Debug|Any CPU.ActiveCfg = Debug|Any CPU
		{3E7CD546-F419-4F6D-9D99-A9B8CD0B8659}.Debug|Any CPU.Build.0 = Debug|Any CPU
		{3E7CD546-F419-4F6D-9D99-A9B8CD0B8659}.Release|Any CPU.ActiveCfg = Release|Any CPU
		{3E7CD546-F419-4F6D-9D99-A9B8CD0B8659}.Release|Any CPU.Build.0 = Release|Any CPU
	EndGlobalSection
	GlobalSection(SolutionProperties) = preSolution
		HideSolutionNode = FALSE
	EndGlobalSection
	GlobalSection(NestedProjects) = preSolution
		{5E4E43CA-902A-4736-85B6-4C081BC6D4D8} = {A59D56D0-B8E8-4E54-B982-79246C5641DD}
		{9D01694B-E7C9-4F0C-93BB-EB539D5B2AB1} = {7368332F-A4E6-4AE6-BC6B-0E6F8C70B70E}
		{2DFB62C5-4C1F-4678-80A6-6E061BAD50DE} = {7368332F-A4E6-4AE6-BC6B-0E6F8C70B70E}
		{0F097F9A-6551-43A6-971A-C8DE88282284} = {7368332F-A4E6-4AE6-BC6B-0E6F8C70B70E}
		{6973F6C1-F5E6-4A6C-B9F2-C3EE440253D6} = {7368332F-A4E6-4AE6-BC6B-0E6F8C70B70E}
		{3E7CD546-F419-4F6D-9D99-A9B8CD0B8659} = {7368332F-A4E6-4AE6-BC6B-0E6F8C70B70E}
		{E0C1B41E-FD0F-4AD4-89EE-0959BF079DE7} = {5B9FB81F-13BF-4305-8068-BAC800DFAB05}
	EndGlobalSection
EndGlobal
